
Microsoft Visual Studio Solution File, Format Version 12.00
# Visual Studio Version 17
VisualStudioVersion = 17.6.33829.357
MinimumVisualStudioVersion = 10.0.40219.1
Project("{FAE04EC0-301F-11D3-BF4B-00C04F79EFBC}") = "IOTBackend", "IOTBackend.csproj", "{FEF3CC73-3700-4B19-B81F-50B698A7F4D7}"
EndProject
Global
	GlobalSection(SolutionConfigurationPlatforms) = preSolution
		Debug|Any CPU = Debug|Any CPU
		Release|Any CPU = Release|Any CPU
	EndGlobalSection
	GlobalSection(ProjectConfigurationPlatforms) = postSolution
		{FEF3CC73-3700-4B19-B81F-50B698A7F4D7}.Debug|Any CPU.ActiveCfg = Debug|Any CPU
		{FEF3CC73-3700-4B19-B81F-50B698A7F4D7}.Debug|Any CPU.Build.0 = Debug|Any CPU
		{FEF3CC73-3700-4B19-B81F-50B698A7F4D7}.Release|Any CPU.ActiveCfg = Release|Any CPU
		{FEF3CC73-3700-4B19-B81F-50B698A7F4D7}.Release|Any CPU.Build.0 = Release|Any CPU
	EndGlobalSection
	GlobalSection(SolutionProperties) = preSolution
		HideSolutionNode = FALSE
	EndGlobalSection
	GlobalSection(ExtensibilityGlobals) = postSolution
		SolutionGuid = {982CBD18-6146-4969-96F7-6FA617E3CA2D}
	EndGlobalSection
EndGlobal
